// !$*UTF8*$!
{
	archiveVersion = 1;
	classes = {
	};
	objectVersion = 56;
	objects = {

/* Begin PBXBuildFile section */
		3F187F9A2A8A08490064590B /* AppDelegate.swift in Sources */ = {isa = PBXBuildFile; fileRef = 3F187F992A8A08490064590B /* AppDelegate.swift */; };
		3F187F9C2A8A08490064590B /* SceneDelegate.swift in Sources */ = {isa = PBXBuildFile; fileRef = 3F187F9B2A8A08490064590B /* SceneDelegate.swift */; };
		3F187F9E2A8A08490064590B /* MainViewController.swift in Sources */ = {isa = PBXBuildFile; fileRef = 3F187F9D2A8A08490064590B /* MainViewController.swift */; };
		3F187FA32A8A084B0064590B /* Assets.xcassets in Resources */ = {isa = PBXBuildFile; fileRef = 3F187FA22A8A084B0064590B /* Assets.xcassets */; };
		3F187FA62A8A084B0064590B /* LaunchScreen.storyboard in Resources */ = {isa = PBXBuildFile; fileRef = 3F187FA42A8A084B0064590B /* LaunchScreen.storyboard */; };
		3F3AD8612A8A817400536426 /* User.swift in Sources */ = {isa = PBXBuildFile; fileRef = 3F3AD8602A8A817400536426 /* User.swift */; };
		3F3AD8632A8A81D900536426 /* UserManager.swift in Sources */ = {isa = PBXBuildFile; fileRef = 3F3AD8622A8A81D900536426 /* UserManager.swift */; };
		3F3AD8662A8A82DE00536426 /* AccountViewController.swift in Sources */ = {isa = PBXBuildFile; fileRef = 3F3AD8652A8A82DE00536426 /* AccountViewController.swift */; };
		3F3AD8692A8A83BD00536426 /* AuthenticationViewController.swift in Sources */ = {isa = PBXBuildFile; fileRef = 3F3AD8682A8A83BD00536426 /* AuthenticationViewController.swift */; };
		3F3AD86C2A8A854000536426 /* LogInViewController.swift in Sources */ = {isa = PBXBuildFile; fileRef = 3F3AD86B2A8A854000536426 /* LogInViewController.swift */; };
		3F3AD86F2A8A8AB300536426 /* RoundedValidatedTextInput.swift in Sources */ = {isa = PBXBuildFile; fileRef = 3F3AD86E2A8A8AB300536426 /* RoundedValidatedTextInput.swift */; };
		3F3AD8732A8A8BD600536426 /* RegisterViewController.swift in Sources */ = {isa = PBXBuildFile; fileRef = 3F3AD8722A8A8BD600536426 /* RegisterViewController.swift */; };
		DB7B18A72A94BDAA00AC5EBC /* UserFileManager.swift in Sources */ = {isa = PBXBuildFile; fileRef = DB7B18A62A94BDAA00AC5EBC /* UserFileManager.swift */; };
		DB7B18A92A94C5C800AC5EBC /* CustomCell.swift in Sources */ = {isa = PBXBuildFile; fileRef = DB7B18A82A94C5C800AC5EBC /* CustomCell.swift */; };
		DB7B18AE2A94CD4300AC5EBC /* AccountExpenseViewController.swift in Sources */ = {isa = PBXBuildFile; fileRef = DB7B18AD2A94CD4300AC5EBC /* AccountExpenseViewController.swift */; };
		DB7B18B02A94D12700AC5EBC /* ExpenseViewController.swift in Sources */ = {isa = PBXBuildFile; fileRef = DB7B18AF2A94D12700AC5EBC /* ExpenseViewController.swift */; };
		DB7B18C32A9C9C8000AC5EBC /* EmailValidator.swift in Sources */ = {isa = PBXBuildFile; fileRef = DB7B18C22A9C9C8000AC5EBC /* EmailValidator.swift */; };
		DB7B18C52A9C9D9E00AC5EBC /* EmailValidatorTests.swift in Sources */ = {isa = PBXBuildFile; fileRef = DB7B18C42A9C9D9E00AC5EBC /* EmailValidatorTests.swift */; };
		DB7B18C72A9C9F7B00AC5EBC /* PasswordValidator.swift in Sources */ = {isa = PBXBuildFile; fileRef = DB7B18C62A9C9F7B00AC5EBC /* PasswordValidator.swift */; };
		DB7B18C92A9CA0B000AC5EBC /* PasswordValidatorTests.swift in Sources */ = {isa = PBXBuildFile; fileRef = DB7B18C82A9CA0B000AC5EBC /* PasswordValidatorTests.swift */; };
		DB7B18CB2A9CA43000AC5EBC /* UsernameValidator.swift in Sources */ = {isa = PBXBuildFile; fileRef = DB7B18CA2A9CA43000AC5EBC /* UsernameValidator.swift */; };
		DB7B18CD2A9CA46700AC5EBC /* UsernameValidatorTests.swift in Sources */ = {isa = PBXBuildFile; fileRef = DB7B18CC2A9CA46700AC5EBC /* UsernameValidatorTests.swift */; };
		DB7B18D22A9CAC4200AC5EBC /* Coordinator.swift in Sources */ = {isa = PBXBuildFile; fileRef = DB7B18D12A9CAC4200AC5EBC /* Coordinator.swift */; };
		DB7B18D42A9CAC6300AC5EBC /* RegisterCoordinator.swift in Sources */ = {isa = PBXBuildFile; fileRef = DB7B18D32A9CAC6300AC5EBC /* RegisterCoordinator.swift */; };
		DB7B18D62A9CBA6B00AC5EBC /* NameValidator.swift in Sources */ = {isa = PBXBuildFile; fileRef = DB7B18D52A9CBA6B00AC5EBC /* NameValidator.swift */; };
		DB7B18D82A9CBAD500AC5EBC /* NameValidatorTests.swift in Sources */ = {isa = PBXBuildFile; fileRef = DB7B18D72A9CBAD500AC5EBC /* NameValidatorTests.swift */; };
		DB7B18DA2A9CBD6B00AC5EBC /* LogInViewControllerTests.swift in Sources */ = {isa = PBXBuildFile; fileRef = DB7B18D92A9CBD6B00AC5EBC /* LogInViewControllerTests.swift */; };
/* End PBXBuildFile section */

/* Begin PBXContainerItemProxy section */
		DB7B18B92A9C95E800AC5EBC /* PBXContainerItemProxy */ = {
			isa = PBXContainerItemProxy;
			containerPortal = 3F187F8E2A8A08490064590B /* Project object */;
			proxyType = 1;
			remoteGlobalIDString = 3F187F952A8A08490064590B;
			remoteInfo = PersonalBudget;
		};
/* End PBXContainerItemProxy section */

/* Begin PBXFileReference section */
		3F187F962A8A08490064590B /* PersonalBudget.app */ = {isa = PBXFileReference; explicitFileType = wrapper.application; includeInIndex = 0; path = PersonalBudget.app; sourceTree = BUILT_PRODUCTS_DIR; };
		3F187F992A8A08490064590B /* AppDelegate.swift */ = {isa = PBXFileReference; lastKnownFileType = sourcecode.swift; path = AppDelegate.swift; sourceTree = "<group>"; };
		3F187F9B2A8A08490064590B /* SceneDelegate.swift */ = {isa = PBXFileReference; lastKnownFileType = sourcecode.swift; path = SceneDelegate.swift; sourceTree = "<group>"; };
		3F187F9D2A8A08490064590B /* MainViewController.swift */ = {isa = PBXFileReference; lastKnownFileType = sourcecode.swift; path = MainViewController.swift; sourceTree = "<group>"; };
		3F187FA22A8A084B0064590B /* Assets.xcassets */ = {isa = PBXFileReference; lastKnownFileType = folder.assetcatalog; path = Assets.xcassets; sourceTree = "<group>"; };
		3F187FA52A8A084B0064590B /* Base */ = {isa = PBXFileReference; lastKnownFileType = file.storyboard; name = Base; path = Base.lproj/LaunchScreen.storyboard; sourceTree = "<group>"; };
		3F187FA72A8A084B0064590B /* Info.plist */ = {isa = PBXFileReference; lastKnownFileType = text.plist.xml; path = Info.plist; sourceTree = "<group>"; };
		3F3AD8602A8A817400536426 /* User.swift */ = {isa = PBXFileReference; lastKnownFileType = sourcecode.swift; path = User.swift; sourceTree = "<group>"; };
		3F3AD8622A8A81D900536426 /* UserManager.swift */ = {isa = PBXFileReference; lastKnownFileType = sourcecode.swift; path = UserManager.swift; sourceTree = "<group>"; };
		3F3AD8652A8A82DE00536426 /* AccountViewController.swift */ = {isa = PBXFileReference; lastKnownFileType = sourcecode.swift; path = AccountViewController.swift; sourceTree = "<group>"; };
		3F3AD8682A8A83BD00536426 /* AuthenticationViewController.swift */ = {isa = PBXFileReference; lastKnownFileType = sourcecode.swift; path = AuthenticationViewController.swift; sourceTree = "<group>"; };
		3F3AD86B2A8A854000536426 /* LogInViewController.swift */ = {isa = PBXFileReference; lastKnownFileType = sourcecode.swift; path = LogInViewController.swift; sourceTree = "<group>"; };
		3F3AD86E2A8A8AB300536426 /* RoundedValidatedTextInput.swift */ = {isa = PBXFileReference; lastKnownFileType = sourcecode.swift; path = RoundedValidatedTextInput.swift; sourceTree = "<group>"; };
		3F3AD8722A8A8BD600536426 /* RegisterViewController.swift */ = {isa = PBXFileReference; lastKnownFileType = sourcecode.swift; path = RegisterViewController.swift; sourceTree = "<group>"; };
		DB7B18A62A94BDAA00AC5EBC /* UserFileManager.swift */ = {isa = PBXFileReference; lastKnownFileType = sourcecode.swift; path = UserFileManager.swift; sourceTree = "<group>"; };
		DB7B18A82A94C5C800AC5EBC /* CustomCell.swift */ = {isa = PBXFileReference; lastKnownFileType = sourcecode.swift; path = CustomCell.swift; sourceTree = "<group>"; };
		DB7B18AD2A94CD4300AC5EBC /* AccountExpenseViewController.swift */ = {isa = PBXFileReference; lastKnownFileType = sourcecode.swift; path = AccountExpenseViewController.swift; sourceTree = "<group>"; };
		DB7B18AF2A94D12700AC5EBC /* ExpenseViewController.swift */ = {isa = PBXFileReference; lastKnownFileType = sourcecode.swift; path = ExpenseViewController.swift; sourceTree = "<group>"; };
		DB7B18B52A9C95E800AC5EBC /* PersonalBudgetTests.xctest */ = {isa = PBXFileReference; explicitFileType = wrapper.cfbundle; includeInIndex = 0; path = PersonalBudgetTests.xctest; sourceTree = BUILT_PRODUCTS_DIR; };
		DB7B18C22A9C9C8000AC5EBC /* EmailValidator.swift */ = {isa = PBXFileReference; lastKnownFileType = sourcecode.swift; path = EmailValidator.swift; sourceTree = "<group>"; };
		DB7B18C42A9C9D9E00AC5EBC /* EmailValidatorTests.swift */ = {isa = PBXFileReference; lastKnownFileType = sourcecode.swift; path = EmailValidatorTests.swift; sourceTree = "<group>"; };
		DB7B18C62A9C9F7B00AC5EBC /* PasswordValidator.swift */ = {isa = PBXFileReference; lastKnownFileType = sourcecode.swift; path = PasswordValidator.swift; sourceTree = "<group>"; };
		DB7B18C82A9CA0B000AC5EBC /* PasswordValidatorTests.swift */ = {isa = PBXFileReference; lastKnownFileType = sourcecode.swift; path = PasswordValidatorTests.swift; sourceTree = "<group>"; };
		DB7B18CA2A9CA43000AC5EBC /* UsernameValidator.swift */ = {isa = PBXFileReference; lastKnownFileType = sourcecode.swift; path = UsernameValidator.swift; sourceTree = "<group>"; };
		DB7B18CC2A9CA46700AC5EBC /* UsernameValidatorTests.swift */ = {isa = PBXFileReference; lastKnownFileType = sourcecode.swift; path = UsernameValidatorTests.swift; sourceTree = "<group>"; };
		DB7B18CE2A9CAA9500AC5EBC /* PersonalBudget.xctestplan */ = {isa = PBXFileReference; lastKnownFileType = file; path = PersonalBudget.xctestplan; sourceTree = SOURCE_ROOT; };
		DB7B18D12A9CAC4200AC5EBC /* Coordinator.swift */ = {isa = PBXFileReference; lastKnownFileType = sourcecode.swift; path = Coordinator.swift; sourceTree = "<group>"; };
		DB7B18D32A9CAC6300AC5EBC /* RegisterCoordinator.swift */ = {isa = PBXFileReference; lastKnownFileType = sourcecode.swift; path = RegisterCoordinator.swift; sourceTree = "<group>"; };
		DB7B18D52A9CBA6B00AC5EBC /* NameValidator.swift */ = {isa = PBXFileReference; lastKnownFileType = sourcecode.swift; path = NameValidator.swift; sourceTree = "<group>"; };
		DB7B18D72A9CBAD500AC5EBC /* NameValidatorTests.swift */ = {isa = PBXFileReference; lastKnownFileType = sourcecode.swift; path = NameValidatorTests.swift; sourceTree = "<group>"; };
		DB7B18D92A9CBD6B00AC5EBC /* LogInViewControllerTests.swift */ = {isa = PBXFileReference; lastKnownFileType = sourcecode.swift; path = LogInViewControllerTests.swift; sourceTree = "<group>"; };
/* End PBXFileReference section */

/* Begin PBXFrameworksBuildPhase section */
		3F187F932A8A08490064590B /* Frameworks */ = {
			isa = PBXFrameworksBuildPhase;
			buildActionMask = 2147483647;
			files = (
			);
			runOnlyForDeploymentPostprocessing = 0;
		};
		DB7B18B22A9C95E800AC5EBC /* Frameworks */ = {
			isa = PBXFrameworksBuildPhase;
			buildActionMask = 2147483647;
			files = (
			);
			runOnlyForDeploymentPostprocessing = 0;
		};
/* End PBXFrameworksBuildPhase section */

/* Begin PBXGroup section */
		3F187F8D2A8A08490064590B = {
			isa = PBXGroup;
			children = (
				3F187F982A8A08490064590B /* PersonalBudget */,
				DB7B18B62A9C95E800AC5EBC /* PersonalBudgetTests */,
				3F187F972A8A08490064590B /* Products */,
			);
			sourceTree = "<group>";
		};
		3F187F972A8A08490064590B /* Products */ = {
			isa = PBXGroup;
			children = (
				3F187F962A8A08490064590B /* PersonalBudget.app */,
				DB7B18B52A9C95E800AC5EBC /* PersonalBudgetTests.xctest */,
			);
			name = Products;
			sourceTree = "<group>";
		};
		3F187F982A8A08490064590B /* PersonalBudget */ = {
			isa = PBXGroup;
			children = (
				DB7B18C12A9C9C6300AC5EBC /* Validators */,
				DB7B18AC2A94CCF100AC5EBC /* AccountExpenseScreen */,
				3F3AD8712A8A8B9600536426 /* RegisterScreen */,
				3F3AD86D2A8A8A7700536426 /* Components */,
				3F3AD86A2A8A850E00536426 /* LoginScreen */,
				3F3AD8672A8A83A700536426 /* AuthenticationScreen */,
				3F3AD8642A8A829300536426 /* AccountScreen */,
				3F3AD85F2A8A813F00536426 /* Models */,
				3F187FAE2A8A30150064590B /* MainScreen */,
				3F187F992A8A08490064590B /* AppDelegate.swift */,
				3F187F9B2A8A08490064590B /* SceneDelegate.swift */,
				3F187FA22A8A084B0064590B /* Assets.xcassets */,
				3F187FA42A8A084B0064590B /* LaunchScreen.storyboard */,
				3F187FA72A8A084B0064590B /* Info.plist */,
				DB7B18A62A94BDAA00AC5EBC /* UserFileManager.swift */,
			);
			path = PersonalBudget;
			sourceTree = "<group>";
		};
		3F187FAE2A8A30150064590B /* MainScreen */ = {
			isa = PBXGroup;
			children = (
				3F187F9D2A8A08490064590B /* MainViewController.swift */,
				DB7B18A82A94C5C800AC5EBC /* CustomCell.swift */,
			);
			path = MainScreen;
			sourceTree = "<group>";
		};
		3F3AD85F2A8A813F00536426 /* Models */ = {
			isa = PBXGroup;
			children = (
				3F3AD8602A8A817400536426 /* User.swift */,
				3F3AD8622A8A81D900536426 /* UserManager.swift */,
			);
			path = Models;
			sourceTree = "<group>";
		};
		3F3AD8642A8A829300536426 /* AccountScreen */ = {
			isa = PBXGroup;
			children = (
				3F3AD8652A8A82DE00536426 /* AccountViewController.swift */,
			);
			path = AccountScreen;
			sourceTree = "<group>";
		};
		3F3AD8672A8A83A700536426 /* AuthenticationScreen */ = {
			isa = PBXGroup;
			children = (
				3F3AD8682A8A83BD00536426 /* AuthenticationViewController.swift */,
			);
			path = AuthenticationScreen;
			sourceTree = "<group>";
		};
		3F3AD86A2A8A850E00536426 /* LoginScreen */ = {
			isa = PBXGroup;
			children = (
				3F3AD86B2A8A854000536426 /* LogInViewController.swift */,
			);
			path = LoginScreen;
			sourceTree = "<group>";
		};
		3F3AD86D2A8A8A7700536426 /* Components */ = {
			isa = PBXGroup;
			children = (
				3F3AD86E2A8A8AB300536426 /* RoundedValidatedTextInput.swift */,
			);
			path = Components;
			sourceTree = "<group>";
		};
		3F3AD8712A8A8B9600536426 /* RegisterScreen */ = {
			isa = PBXGroup;
			children = (
				3F3AD8722A8A8BD600536426 /* RegisterViewController.swift */,
				DB7B18D12A9CAC4200AC5EBC /* Coordinator.swift */,
				DB7B18D32A9CAC6300AC5EBC /* RegisterCoordinator.swift */,
			);
			path = RegisterScreen;
			sourceTree = "<group>";
		};
		DB7B18AC2A94CCF100AC5EBC /* AccountExpenseScreen */ = {
			isa = PBXGroup;
			children = (
				DB7B18AD2A94CD4300AC5EBC /* AccountExpenseViewController.swift */,
				DB7B18AF2A94D12700AC5EBC /* ExpenseViewController.swift */,
			);
			path = AccountExpenseScreen;
			sourceTree = "<group>";
		};
		DB7B18B62A9C95E800AC5EBC /* PersonalBudgetTests */ = {
			isa = PBXGroup;
			children = (
				DB7B18C42A9C9D9E00AC5EBC /* EmailValidatorTests.swift */,
				DB7B18C82A9CA0B000AC5EBC /* PasswordValidatorTests.swift */,
				DB7B18CC2A9CA46700AC5EBC /* UsernameValidatorTests.swift */,
				DB7B18CE2A9CAA9500AC5EBC /* PersonalBudget.xctestplan */,
				DB7B18D72A9CBAD500AC5EBC /* NameValidatorTests.swift */,
				DB7B18D92A9CBD6B00AC5EBC /* LogInViewControllerTests.swift */,
			);
			path = PersonalBudgetTests;
			sourceTree = "<group>";
		};
		DB7B18C12A9C9C6300AC5EBC /* Validators */ = {
			isa = PBXGroup;
			children = (
				DB7B18C22A9C9C8000AC5EBC /* EmailValidator.swift */,
				DB7B18C62A9C9F7B00AC5EBC /* PasswordValidator.swift */,
				DB7B18CA2A9CA43000AC5EBC /* UsernameValidator.swift */,
				DB7B18D52A9CBA6B00AC5EBC /* NameValidator.swift */,
			);
			path = Validators;
			sourceTree = "<group>";
		};
/* End PBXGroup section */

/* Begin PBXNativeTarget section */
		3F187F952A8A08490064590B /* PersonalBudget */ = {
			isa = PBXNativeTarget;
			buildConfigurationList = 3F187FAA2A8A084B0064590B /* Build configuration list for PBXNativeTarget "PersonalBudget" */;
			buildPhases = (
				3F187F922A8A08490064590B /* Sources */,
				3F187F932A8A08490064590B /* Frameworks */,
				3F187F942A8A08490064590B /* Resources */,
			);
			buildRules = (
			);
			dependencies = (
			);
			name = PersonalBudget;
			productName = PersonalBudget;
			productReference = 3F187F962A8A08490064590B /* PersonalBudget.app */;
			productType = "com.apple.product-type.application";
		};
		DB7B18B42A9C95E800AC5EBC /* PersonalBudgetTests */ = {
			isa = PBXNativeTarget;
			buildConfigurationList = DB7B18BB2A9C95E800AC5EBC /* Build configuration list for PBXNativeTarget "PersonalBudgetTests" */;
			buildPhases = (
				DB7B18B12A9C95E800AC5EBC /* Sources */,
				DB7B18B22A9C95E800AC5EBC /* Frameworks */,
				DB7B18B32A9C95E800AC5EBC /* Resources */,
			);
			buildRules = (
			);
			dependencies = (
				DB7B18BA2A9C95E800AC5EBC /* PBXTargetDependency */,
			);
			name = PersonalBudgetTests;
			productName = PersonalBudgetTests;
			productReference = DB7B18B52A9C95E800AC5EBC /* PersonalBudgetTests.xctest */;
			productType = "com.apple.product-type.bundle.unit-test";
		};
/* End PBXNativeTarget section */

/* Begin PBXProject section */
		3F187F8E2A8A08490064590B /* Project object */ = {
			isa = PBXProject;
			attributes = {
				BuildIndependentTargetsInParallel = 1;
				LastSwiftUpdateCheck = 1430;
				LastUpgradeCheck = 1430;
				TargetAttributes = {
					3F187F952A8A08490064590B = {
						CreatedOnToolsVersion = 14.3.1;
					};
					DB7B18B42A9C95E800AC5EBC = {
						CreatedOnToolsVersion = 14.3.1;
						TestTargetID = 3F187F952A8A08490064590B;
					};
				};
			};
			buildConfigurationList = 3F187F912A8A08490064590B /* Build configuration list for PBXProject "PersonalBudget" */;
			compatibilityVersion = "Xcode 14.0";
			developmentRegion = en;
			hasScannedForEncodings = 0;
			knownRegions = (
				en,
				Base,
			);
			mainGroup = 3F187F8D2A8A08490064590B;
			productRefGroup = 3F187F972A8A08490064590B /* Products */;
			projectDirPath = "";
			projectRoot = "";
			targets = (
				3F187F952A8A08490064590B /* PersonalBudget */,
				DB7B18B42A9C95E800AC5EBC /* PersonalBudgetTests */,
			);
		};
/* End PBXProject section */

/* Begin PBXResourcesBuildPhase section */
		3F187F942A8A08490064590B /* Resources */ = {
			isa = PBXResourcesBuildPhase;
			buildActionMask = 2147483647;
			files = (
				3F187FA62A8A084B0064590B /* LaunchScreen.storyboard in Resources */,
				3F187FA32A8A084B0064590B /* Assets.xcassets in Resources */,
			);
			runOnlyForDeploymentPostprocessing = 0;
		};
		DB7B18B32A9C95E800AC5EBC /* Resources */ = {
			isa = PBXResourcesBuildPhase;
			buildActionMask = 2147483647;
			files = (
			);
			runOnlyForDeploymentPostprocessing = 0;
		};
/* End PBXResourcesBuildPhase section */

/* Begin PBXSourcesBuildPhase section */
		3F187F922A8A08490064590B /* Sources */ = {
			isa = PBXSourcesBuildPhase;
			buildActionMask = 2147483647;
			files = (
				3F3AD8632A8A81D900536426 /* UserManager.swift in Sources */,
				3F3AD8732A8A8BD600536426 /* RegisterViewController.swift in Sources */,
				3F187F9E2A8A08490064590B /* MainViewController.swift in Sources */,
				3F3AD8662A8A82DE00536426 /* AccountViewController.swift in Sources */,
				3F187F9A2A8A08490064590B /* AppDelegate.swift in Sources */,
				DB7B18C32A9C9C8000AC5EBC /* EmailValidator.swift in Sources */,
				DB7B18C72A9C9F7B00AC5EBC /* PasswordValidator.swift in Sources */,
				3F3AD86C2A8A854000536426 /* LogInViewController.swift in Sources */,
				DB7B18D22A9CAC4200AC5EBC /* Coordinator.swift in Sources */,
				DB7B18AE2A94CD4300AC5EBC /* AccountExpenseViewController.swift in Sources */,
				DB7B18CB2A9CA43000AC5EBC /* UsernameValidator.swift in Sources */,
				DB7B18A72A94BDAA00AC5EBC /* UserFileManager.swift in Sources */,
				3F3AD8692A8A83BD00536426 /* AuthenticationViewController.swift in Sources */,
				DB7B18D62A9CBA6B00AC5EBC /* NameValidator.swift in Sources */,
				DB7B18A92A94C5C800AC5EBC /* CustomCell.swift in Sources */,
				DB7B18D42A9CAC6300AC5EBC /* RegisterCoordinator.swift in Sources */,
				3F3AD86F2A8A8AB300536426 /* RoundedValidatedTextInput.swift in Sources */,
				DB7B18B02A94D12700AC5EBC /* ExpenseViewController.swift in Sources */,
				3F187F9C2A8A08490064590B /* SceneDelegate.swift in Sources */,
				3F3AD8612A8A817400536426 /* User.swift in Sources */,
			);
			runOnlyForDeploymentPostprocessing = 0;
		};
		DB7B18B12A9C95E800AC5EBC /* Sources */ = {
			isa = PBXSourcesBuildPhase;
			buildActionMask = 2147483647;
			files = (
				DB7B18C52A9C9D9E00AC5EBC /* EmailValidatorTests.swift in Sources */,
				DB7B18D82A9CBAD500AC5EBC /* NameValidatorTests.swift in Sources */,
				DB7B18CD2A9CA46700AC5EBC /* UsernameValidatorTests.swift in Sources */,
				DB7B18C92A9CA0B000AC5EBC /* PasswordValidatorTests.swift in Sources */,
				DB7B18DA2A9CBD6B00AC5EBC /* LogInViewControllerTests.swift in Sources */,
			);
			runOnlyForDeploymentPostprocessing = 0;
		};
/* End PBXSourcesBuildPhase section */

/* Begin PBXTargetDependency section */
		DB7B18BA2A9C95E800AC5EBC /* PBXTargetDependency */ = {
			isa = PBXTargetDependency;
			target = 3F187F952A8A08490064590B /* PersonalBudget */;
			targetProxy = DB7B18B92A9C95E800AC5EBC /* PBXContainerItemProxy */;
		};
/* End PBXTargetDependency section */

/* Begin PBXVariantGroup section */
		3F187FA42A8A084B0064590B /* LaunchScreen.storyboard */ = {
			isa = PBXVariantGroup;
			children = (
				3F187FA52A8A084B0064590B /* Base */,
			);
			name = LaunchScreen.storyboard;
			sourceTree = "<group>";
		};
/* End PBXVariantGroup section */

/* Begin XCBuildConfiguration section */
		3F187FA82A8A084B0064590B /* Debug */ = {
			isa = XCBuildConfiguration;
			buildSettings = {
				ALWAYS_SEARCH_USER_PATHS = NO;
				CLANG_ANALYZER_NONNULL = YES;
				CLANG_ANALYZER_NUMBER_OBJECT_CONVERSION = YES_AGGRESSIVE;
				CLANG_CXX_LANGUAGE_STANDARD = "gnu++20";
				CLANG_ENABLE_MODULES = YES;
				CLANG_ENABLE_OBJC_ARC = YES;
				CLANG_ENABLE_OBJC_WEAK = YES;
				CLANG_WARN_BLOCK_CAPTURE_AUTORELEASING = YES;
				CLANG_WARN_BOOL_CONVERSION = YES;
				CLANG_WARN_COMMA = YES;
				CLANG_WARN_CONSTANT_CONVERSION = YES;
				CLANG_WARN_DEPRECATED_OBJC_IMPLEMENTATIONS = YES;
				CLANG_WARN_DIRECT_OBJC_ISA_USAGE = YES_ERROR;
				CLANG_WARN_DOCUMENTATION_COMMENTS = YES;
				CLANG_WARN_EMPTY_BODY = YES;
				CLANG_WARN_ENUM_CONVERSION = YES;
				CLANG_WARN_INFINITE_RECURSION = YES;
				CLANG_WARN_INT_CONVERSION = YES;
				CLANG_WARN_NON_LITERAL_NULL_CONVERSION = YES;
				CLANG_WARN_OBJC_IMPLICIT_RETAIN_SELF = YES;
				CLANG_WARN_OBJC_LITERAL_CONVERSION = YES;
				CLANG_WARN_OBJC_ROOT_CLASS = YES_ERROR;
				CLANG_WARN_QUOTED_INCLUDE_IN_FRAMEWORK_HEADER = YES;
				CLANG_WARN_RANGE_LOOP_ANALYSIS = YES;
				CLANG_WARN_STRICT_PROTOTYPES = YES;
				CLANG_WARN_SUSPICIOUS_MOVE = YES;
				CLANG_WARN_UNGUARDED_AVAILABILITY = YES_AGGRESSIVE;
				CLANG_WARN_UNREACHABLE_CODE = YES;
				CLANG_WARN__DUPLICATE_METHOD_MATCH = YES;
				COPY_PHASE_STRIP = NO;
				DEBUG_INFORMATION_FORMAT = dwarf;
				ENABLE_STRICT_OBJC_MSGSEND = YES;
				ENABLE_TESTABILITY = YES;
				GCC_C_LANGUAGE_STANDARD = gnu11;
				GCC_DYNAMIC_NO_PIC = NO;
				GCC_NO_COMMON_BLOCKS = YES;
				GCC_OPTIMIZATION_LEVEL = 0;
				GCC_PREPROCESSOR_DEFINITIONS = (
					"DEBUG=1",
					"$(inherited)",
				);
				GCC_WARN_64_TO_32_BIT_CONVERSION = YES;
				GCC_WARN_ABOUT_RETURN_TYPE = YES_ERROR;
				GCC_WARN_UNDECLARED_SELECTOR = YES;
				GCC_WARN_UNINITIALIZED_AUTOS = YES_AGGRESSIVE;
				GCC_WARN_UNUSED_FUNCTION = YES;
				GCC_WARN_UNUSED_VARIABLE = YES;
				IPHONEOS_DEPLOYMENT_TARGET = 16.4;
				MTL_ENABLE_DEBUG_INFO = INCLUDE_SOURCE;
				MTL_FAST_MATH = YES;
				ONLY_ACTIVE_ARCH = YES;
				SDKROOT = iphoneos;
				SWIFT_ACTIVE_COMPILATION_CONDITIONS = DEBUG;
				SWIFT_OPTIMIZATION_LEVEL = "-Onone";
			};
			name = Debug;
		};
		3F187FA92A8A084B0064590B /* Release */ = {
			isa = XCBuildConfiguration;
			buildSettings = {
				ALWAYS_SEARCH_USER_PATHS = NO;
				CLANG_ANALYZER_NONNULL = YES;
				CLANG_ANALYZER_NUMBER_OBJECT_CONVERSION = YES_AGGRESSIVE;
				CLANG_CXX_LANGUAGE_STANDARD = "gnu++20";
				CLANG_ENABLE_MODULES = YES;
				CLANG_ENABLE_OBJC_ARC = YES;
				CLANG_ENABLE_OBJC_WEAK = YES;
				CLANG_WARN_BLOCK_CAPTURE_AUTORELEASING = YES;
				CLANG_WARN_BOOL_CONVERSION = YES;
				CLANG_WARN_COMMA = YES;
				CLANG_WARN_CONSTANT_CONVERSION = YES;
				CLANG_WARN_DEPRECATED_OBJC_IMPLEMENTATIONS = YES;
				CLANG_WARN_DIRECT_OBJC_ISA_USAGE = YES_ERROR;
				CLANG_WARN_DOCUMENTATION_COMMENTS = YES;
				CLANG_WARN_EMPTY_BODY = YES;
				CLANG_WARN_ENUM_CONVERSION = YES;
				CLANG_WARN_INFINITE_RECURSION = YES;
				CLANG_WARN_INT_CONVERSION = YES;
				CLANG_WARN_NON_LITERAL_NULL_CONVERSION = YES;
				CLANG_WARN_OBJC_IMPLICIT_RETAIN_SELF = YES;
				CLANG_WARN_OBJC_LITERAL_CONVERSION = YES;
				CLANG_WARN_OBJC_ROOT_CLASS = YES_ERROR;
				CLANG_WARN_QUOTED_INCLUDE_IN_FRAMEWORK_HEADER = YES;
				CLANG_WARN_RANGE_LOOP_ANALYSIS = YES;
				CLANG_WARN_STRICT_PROTOTYPES = YES;
				CLANG_WARN_SUSPICIOUS_MOVE = YES;
				CLANG_WARN_UNGUARDED_AVAILABILITY = YES_AGGRESSIVE;
				CLANG_WARN_UNREACHABLE_CODE = YES;
				CLANG_WARN__DUPLICATE_METHOD_MATCH = YES;
				COPY_PHASE_STRIP = NO;
				DEBUG_INFORMATION_FORMAT = "dwarf-with-dsym";
				ENABLE_NS_ASSERTIONS = NO;
				ENABLE_STRICT_OBJC_MSGSEND = YES;
				GCC_C_LANGUAGE_STANDARD = gnu11;
				GCC_NO_COMMON_BLOCKS = YES;
				GCC_WARN_64_TO_32_BIT_CONVERSION = YES;
				GCC_WARN_ABOUT_RETURN_TYPE = YES_ERROR;
				GCC_WARN_UNDECLARED_SELECTOR = YES;
				GCC_WARN_UNINITIALIZED_AUTOS = YES_AGGRESSIVE;
				GCC_WARN_UNUSED_FUNCTION = YES;
				GCC_WARN_UNUSED_VARIABLE = YES;
				IPHONEOS_DEPLOYMENT_TARGET = 16.4;
				MTL_ENABLE_DEBUG_INFO = NO;
				MTL_FAST_MATH = YES;
				SDKROOT = iphoneos;
				SWIFT_COMPILATION_MODE = wholemodule;
				SWIFT_OPTIMIZATION_LEVEL = "-O";
				VALIDATE_PRODUCT = YES;
			};
			name = Release;
		};
		3F187FAB2A8A084B0064590B /* Debug */ = {
			isa = XCBuildConfiguration;
			buildSettings = {
				ASSETCATALOG_COMPILER_APPICON_NAME = AppIcon;
				ASSETCATALOG_COMPILER_GLOBAL_ACCENT_COLOR_NAME = AccentColor;
				CODE_SIGN_STYLE = Automatic;
				CURRENT_PROJECT_VERSION = 1;
				GENERATE_INFOPLIST_FILE = YES;
				INFOPLIST_FILE = PersonalBudget/Info.plist;
				INFOPLIST_KEY_UIApplicationSupportsIndirectInputEvents = YES;
				INFOPLIST_KEY_UILaunchStoryboardName = LaunchScreen;
				INFOPLIST_KEY_UISupportedInterfaceOrientations_iPad = "UIInterfaceOrientationPortrait UIInterfaceOrientationPortraitUpsideDown UIInterfaceOrientationLandscapeLeft UIInterfaceOrientationLandscapeRight";
				INFOPLIST_KEY_UISupportedInterfaceOrientations_iPhone = "UIInterfaceOrientationPortrait UIInterfaceOrientationLandscapeLeft UIInterfaceOrientationLandscapeRight";
				LD_RUNPATH_SEARCH_PATHS = (
					"$(inherited)",
					"@executable_path/Frameworks",
				);
				MARKETING_VERSION = 1.0;
				PRODUCT_BUNDLE_IDENTIFIER = tumba.PersonalBudget;
				PRODUCT_NAME = "$(TARGET_NAME)";
				SWIFT_EMIT_LOC_STRINGS = YES;
				SWIFT_VERSION = 5.0;
				TARGETED_DEVICE_FAMILY = "1,2";
			};
			name = Debug;
		};
		3F187FAC2A8A084B0064590B /* Release */ = {
			isa = XCBuildConfiguration;
			buildSettings = {
				ASSETCATALOG_COMPILER_APPICON_NAME = AppIcon;
				ASSETCATALOG_COMPILER_GLOBAL_ACCENT_COLOR_NAME = AccentColor;
				CODE_SIGN_STYLE = Automatic;
				CURRENT_PROJECT_VERSION = 1;
				GENERATE_INFOPLIST_FILE = YES;
				INFOPLIST_FILE = PersonalBudget/Info.plist;
				INFOPLIST_KEY_UIApplicationSupportsIndirectInputEvents = YES;
				INFOPLIST_KEY_UILaunchStoryboardName = LaunchScreen;
				INFOPLIST_KEY_UISupportedInterfaceOrientations_iPad = "UIInterfaceOrientationPortrait UIInterfaceOrientationPortraitUpsideDown UIInterfaceOrientationLandscapeLeft UIInterfaceOrientationLandscapeRight";
				INFOPLIST_KEY_UISupportedInterfaceOrientations_iPhone = "UIInterfaceOrientationPortrait UIInterfaceOrientationLandscapeLeft UIInterfaceOrientationLandscapeRight";
				LD_RUNPATH_SEARCH_PATHS = (
					"$(inherited)",
					"@executable_path/Frameworks",
				);
				MARKETING_VERSION = 1.0;
				PRODUCT_BUNDLE_IDENTIFIER = tumba.PersonalBudget;
				PRODUCT_NAME = "$(TARGET_NAME)";
				SWIFT_EMIT_LOC_STRINGS = YES;
				SWIFT_VERSION = 5.0;
				TARGETED_DEVICE_FAMILY = "1,2";
			};
			name = Release;
		};
		DB7B18BC2A9C95E800AC5EBC /* Debug */ = {
			isa = XCBuildConfiguration;
			buildSettings = {
				BUNDLE_LOADER = "$(TEST_HOST)";
				CODE_SIGN_STYLE = Automatic;
				CURRENT_PROJECT_VERSION = 1;
				GENERATE_INFOPLIST_FILE = YES;
				MARKETING_VERSION = 1.0;
				PRODUCT_BUNDLE_IDENTIFIER = com.PersonalBudgetTests;
				PRODUCT_NAME = "$(TARGET_NAME)";
				SWIFT_EMIT_LOC_STRINGS = NO;
				SWIFT_VERSION = 5.0;
				TARGETED_DEVICE_FAMILY = "1,2";
				TEST_HOST = "$(BUILT_PRODUCTS_DIR)/PersonalBudget.app/$(BUNDLE_EXECUTABLE_FOLDER_PATH)/PersonalBudget";
			};
			name = Debug;
		};
		DB7B18BD2A9C95E800AC5EBC /* Release */ = {
			isa = XCBuildConfiguration;
			buildSettings = {
				BUNDLE_LOADER = "$(TEST_HOST)";
				CODE_SIGN_STYLE = Automatic;
				CURRENT_PROJECT_VERSION = 1;
				GENERATE_INFOPLIST_FILE = YES;
				MARKETING_VERSION = 1.0;
				PRODUCT_BUNDLE_IDENTIFIER = com.PersonalBudgetTests;
				PRODUCT_NAME = "$(TARGET_NAME)";
				SWIFT_EMIT_LOC_STRINGS = NO;
				SWIFT_VERSION = 5.0;
				TARGETED_DEVICE_FAMILY = "1,2";
				TEST_HOST = "$(BUILT_PRODUCTS_DIR)/PersonalBudget.app/$(BUNDLE_EXECUTABLE_FOLDER_PATH)/PersonalBudget";
			};
			name = Release;
		};
/* End XCBuildConfiguration section */

/* Begin XCConfigurationList section */
		3F187F912A8A08490064590B /* Build configuration list for PBXProject "PersonalBudget" */ = {
			isa = XCConfigurationList;
			buildConfigurations = (
				3F187FA82A8A084B0064590B /* Debug */,
				3F187FA92A8A084B0064590B /* Release */,
			);
			defaultConfigurationIsVisible = 0;
			defaultConfigurationName = Release;
		};
		3F187FAA2A8A084B0064590B /* Build configuration list for PBXNativeTarget "PersonalBudget" */ = {
			isa = XCConfigurationList;
			buildConfigurations = (
				3F187FAB2A8A084B0064590B /* Debug */,
				3F187FAC2A8A084B0064590B /* Release */,
			);
			defaultConfigurationIsVisible = 0;
			defaultConfigurationName = Release;
		};
		DB7B18BB2A9C95E800AC5EBC /* Build configuration list for PBXNativeTarget "PersonalBudgetTests" */ = {
			isa = XCConfigurationList;
			buildConfigurations = (
				DB7B18BC2A9C95E800AC5EBC /* Debug */,
				DB7B18BD2A9C95E800AC5EBC /* Release */,
			);
			defaultConfigurationIsVisible = 0;
			defaultConfigurationName = Release;
		};
/* End XCConfigurationList section */
	};
	rootObject = 3F187F8E2A8A08490064590B /* Project object */;
}
